
Microsoft Visual Studio Solution File, Format Version 12.00
Project("{FAE04EC0-301F-11D3-BF4B-00C04F79EFBC}") = "DSNServer", "DSNServer\DSNServer.csproj", "{9E7498B4-4793-4BBD-BBF5-3F4D05BEECDF}"
EndProject
Global
	GlobalSection(SolutionConfigurationPlatforms) = preSolution
		Debug|Any CPU = Debug|Any CPU
		Release|Any CPU = Release|Any CPU
	EndGlobalSection
	GlobalSection(ProjectConfigurationPlatforms) = postSolution
		{9E7498B4-4793-4BBD-BBF5-3F4D05BEECDF}.Debug|Any CPU.ActiveCfg = Debug|Any CPU
		{9E7498B4-4793-4BBD-BBF5-3F4D05BEECDF}.Debug|Any CPU.Build.0 = Debug|Any CPU
		{9E7498B4-4793-4BBD-BBF5-3F4D05BEECDF}.Release|Any CPU.ActiveCfg = Release|Any CPU
		{9E7498B4-4793-4BBD-BBF5-3F4D05BEECDF}.Release|Any CPU.Build.0 = Release|Any CPU
	EndGlobalSection
EndGlobal
